41.neocities.org/protobuf v1.3.9 h1:DTiGoi+4VRiL/fbazfHuN1jR5Zpsat0YrpKFOcg9w00=
41.neocities.org/protobuf v1.3.9/go.mod h1:IkdWzRl6U/qkDzoZ7kuL70HMBPYGsFS0go5Ifv7qS0I=
41.neocities.org/text v1.3.2 h1:wVMhkY2/0LYoGl0bRLZEfnYYIZ1snmsjgMf157zq0+Y=
41.neocities.org/text v1.3.2/go.mod h1:0y7K0Lgi+FZD0UwnyS5+G4njXypzm/b98GU52s32KH0=
google.golang.org/protobuf v1.35.1 h1:m3LfL6/Ca+fqnjnlqQXNpFPABW1UD7mjh8KO2mKFytA=
google.golang.org/protobuf v1.35.1/go.mod h1:9fA7Ob0pmnwhb644+1+CVWFRbNajQ6iRojtC/QF5bRE=
