41.neocities.org/log v1.3.8 h1:fei5Lv36fr9p6LhuZEDQNhdpmpQ+Bnn5QURDbF6OMCQ=
41.neocities.org/log v1.3.8/go.mod h1:oYGqoRxcEJ9s1MscaTvsXC7tu2Vjk20zBYgbupr8srs=
41.neocities.org/protobuf v1.4.1 h1:Y1/Prbg/lNRjWeGhpkDa1IxjbcYuCzX8oiuOGHhzKEs=
41.neocities.org/protobuf v1.4.1/go.mod h1:IHtGh5d1ujJcJczvVJ70V3JRkUJc252uaNFkht2Il7Q=
google.golang.org/protobuf v1.36.3 h1:82DV7MYdb8anAVi3qge1wSnMDrnKK7ebr+I0hHRN1BU=
google.golang.org/protobuf v1.36.3/go.mod h1:9fA7Ob0pmnwhb644+1+CVWFRbNajQ6iRojtC/QF5bRE=
